
Microsoft Visual Studio Solution File, Format Version 12.00
# Visual Studio Version 16
VisualStudioVersion = 16.0.30503.244
MinimumVisualStudioVersion = 10.0.40219.1
Project("{9A19103F-16F7-4668-BE54-9A1E7A4F7556}") = "WorldWizardsServer", "WorldWizardsServer\WorldWizardsServer.csproj", "{8C5AF6E7-531A-419C-BFBE-04C43CCAF3CD}"
EndProject
Project("{9A19103F-16F7-4668-BE54-9A1E7A4F7556}") = "WorldWizardsSharedObjects", "WorldWizardsSharedObjects\WorldWizardsSharedObjects.csproj", "{708E4C3F-311E-4019-AE14-54A46213CDA1}"
EndProject
Global
	GlobalSection(SolutionConfigurationPlatforms) = preSolution
		Debug|Any CPU = Debug|Any CPU
		Release|Any CPU = Release|Any CPU
	EndGlobalSection
	GlobalSection(ProjectConfigurationPlatforms) = postSolution
		{8C5AF6E7-531A-419C-BFBE-04C43CCAF3CD}.Debug|Any CPU.ActiveCfg = Debug|Any CPU
		{8C5AF6E7-531A-419C-BFBE-04C43CCAF3CD}.Debug|Any CPU.Build.0 = Debug|Any CPU
		{8C5AF6E7-531A-419C-BFBE-04C43CCAF3CD}.Release|Any CPU.ActiveCfg = Release|Any CPU
		{8C5AF6E7-531A-419C-BFBE-04C43CCAF3CD}.Release|Any CPU.Build.0 = Release|Any CPU
		{708E4C3F-311E-4019-AE14-54A46213CDA1}.Debug|Any CPU.ActiveCfg = Debug|Any CPU
		{708E4C3F-311E-4019-AE14-54A46213CDA1}.Debug|Any CPU.Build.0 = Debug|Any CPU
		{708E4C3F-311E-4019-AE14-54A46213CDA1}.Release|Any CPU.ActiveCfg = Release|Any CPU
		{708E4C3F-311E-4019-AE14-54A46213CDA1}.Release|Any CPU.Build.0 = Release|Any CPU
	EndGlobalSection
	GlobalSection(SolutionProperties) = preSolution
		HideSolutionNode = FALSE
	EndGlobalSection
	GlobalSection(ExtensibilityGlobals) = postSolution
		SolutionGuid = {21F73797-5A70-4EF5-93BC-E25DD60F230E}
	EndGlobalSection
EndGlobal
